
Microsoft Visual Studio Solution File, Format Version 12.00
# Visual Studio 14
VisualStudioVersion = 14.0.24720.0
MinimumVisualStudioVersion = 10.0.40219.1
Project("{FAE04EC0-301F-11D3-BF4B-00C04F79EFBC}") = "SquareGraph", "SquareGraph.csproj", "{0FBB3322-12F5-44A9-97CC-76662C3B0BBB}"
EndProject
Global
	GlobalSection(SolutionConfigurationPlatforms) = preSolution
		Debug|Any CPU = Debug|Any CPU
		Release|Any CPU = Release|Any CPU
	EndGlobalSection
	GlobalSection(ProjectConfigurationPlatforms) = postSolution
		{0FBB3322-12F5-44A9-97CC-76662C3B0BBB}.Debug|Any CPU.ActiveCfg = Debug|Any CPU
		{0FBB3322-12F5-44A9-97CC-76662C3B0BBB}.Debug|Any CPU.Build.0 = Debug|Any CPU
		{0FBB3322-12F5-44A9-97CC-76662C3B0BBB}.Release|Any CPU.ActiveCfg = Release|Any CPU
		{0FBB3322-12F5-44A9-97CC-76662C3B0BBB}.Release|Any CPU.Build.0 = Release|Any CPU
	EndGlobalSection
	GlobalSection(SolutionProperties) = preSolution
		HideSolutionNode = FALSE
	EndGlobalSection
EndGlobal
